// !$*UTF8*$!
{
	archiveVersion = 1;
	classes = {
	};
	objectVersion = 48;
	objects = {

/* Begin PBXBuildFile section */
		6E0F6E4B204311D4005D4744 /* TypeEventExtension.swift in Sources */ = {isa = PBXBuildFile; fileRef = 6E0F6E4A204311D4005D4744 /* TypeEventExtension.swift */; };
		6E0F6E5320448906005D4744 /* TypeEventTableViewController.swift in Sources */ = {isa = PBXBuildFile; fileRef = 6E0F6E5220448906005D4744 /* TypeEventTableViewController.swift */; };
		6E21DF632056DD2E00EE2F9B /* DoctorTableViewCell.swift in Sources */ = {isa = PBXBuildFile; fileRef = 6E21DF622056DD2E00EE2F9B /* DoctorTableViewCell.swift */; };
		6E21DF652056DE0400EE2F9B /* PersonExtension.swift in Sources */ = {isa = PBXBuildFile; fileRef = 6E21DF642056DE0400EE2F9B /* PersonExtension.swift */; };
		6E21DF672056E31200EE2F9B /* DoctorPresenter.swift in Sources */ = {isa = PBXBuildFile; fileRef = 6E21DF662056E31200EE2F9B /* DoctorPresenter.swift */; };
		6E287CA32046A9CE0007EFC2 /* TypeEventPresenter.swift in Sources */ = {isa = PBXBuildFile; fileRef = 6E287CA22046A9CE0007EFC2 /* TypeEventPresenter.swift */; };
		6E389038203DDDB900105CE8 /* EventController.swift in Sources */ = {isa = PBXBuildFile; fileRef = 6E389037203DDDB900105CE8 /* EventController.swift */; };
		6E38903A203DE61D00105CE8 /* EventTableViewController.swift in Sources */ = {isa = PBXBuildFile; fileRef = 6E389039203DE61D00105CE8 /* EventTableViewController.swift */; };
		6E38903C203DF0D800105CE8 /* PkTabBarController.swift in Sources */ = {isa = PBXBuildFile; fileRef = 6E38903B203DF0D800105CE8 /* PkTabBarController.swift */; };
		6E38903D203DF0D800105CE8 /* PkTabBarController.swift in Sources */ = {isa = PBXBuildFile; fileRef = 6E38903B203DF0D800105CE8 /* PkTabBarController.swift */; };
		6E3890452041CA6900105CE8 /* TypeEventPickerViewController.swift in Sources */ = {isa = PBXBuildFile; fileRef = 6E3890442041CA6900105CE8 /* TypeEventPickerViewController.swift */; };
		6E3893D9204B01800052DCD6 /* CoreDataManager.swift in Sources */ = {isa = PBXBuildFile; fileRef = 6E3893D8204B01800052DCD6 /* CoreDataManager.swift */; };
		6E3893DB204B02A90052DCD6 /* TriggerEventViewController.swift in Sources */ = {isa = PBXBuildFile; fileRef = 6E3893DA204B02A80052DCD6 /* TriggerEventViewController.swift */; };
		6E3893DD204D55820052DCD6 /* EventTableViewCell.swift in Sources */ = {isa = PBXBuildFile; fileRef = 6E3893DC204D55820052DCD6 /* EventTableViewCell.swift */; };
		6E3893DF204D55820052DCD6 /* EventTableView.swift in Sources */ = {isa = PBXBuildFile; fileRef = 6E3893DE204D55820052DCD6 /* EventTableView.swift */; };
		6E3893E1204D55820052DCD6 /* EventPresenter.swift in Sources */ = {isa = PBXBuildFile; fileRef = 6E3893E0204D55820052DCD6 /* EventPresenter.swift */; };
		6E455C3220534770009343C1 /* ShowEventViewController.swift in Sources */ = {isa = PBXBuildFile; fileRef = 6E455C3120534770009343C1 /* ShowEventViewController.swift */; };
		6E4A63A72056D3F900BB436C /* DoctorViewController.swift in Sources */ = {isa = PBXBuildFile; fileRef = 6E4A63A62056D3F900BB436C /* DoctorViewController.swift */; };
		6E5BA19B2032DD6500703328 /* AppDelegate.swift in Sources */ = {isa = PBXBuildFile; fileRef = 6E5BA19A2032DD6500703328 /* AppDelegate.swift */; };
		6E5BA19D2032DD6500703328 /* ViewController.swift in Sources */ = {isa = PBXBuildFile; fileRef = 6E5BA19C2032DD6500703328 /* ViewController.swift */; };
		6E5BA1A02032DD6500703328 /* Main.storyboard in Resources */ = {isa = PBXBuildFile; fileRef = 6E5BA19E2032DD6500703328 /* Main.storyboard */; };
		6E5BA1A32032DD6500703328 /* pketmoi.xcdatamodeld in Sources */ = {isa = PBXBuildFile; fileRef = 6E5BA1A12032DD6500703328 /* pketmoi.xcdatamodeld */; };
		6E5BA1A52032DD6500703328 /* Assets.xcassets in Resources */ = {isa = PBXBuildFile; fileRef = 6E5BA1A42032DD6500703328 /* Assets.xcassets */; };
		6E5BA1A82032DD6500703328 /* LaunchScreen.storyboard in Resources */ = {isa = PBXBuildFile; fileRef = 6E5BA1A62032DD6500703328 /* LaunchScreen.storyboard */; };
		6E5BA1B32032DD6500703328 /* pketmoiTests.swift in Sources */ = {isa = PBXBuildFile; fileRef = 6E5BA1B22032DD6500703328 /* pketmoiTests.swift */; };
		6E8B9187203DCA6E00B11989 /* HomeController.swift in Sources */ = {isa = PBXBuildFile; fileRef = 6E8B9186203DCA6E00B11989 /* HomeController.swift */; };
		6EA83A9A20421CAF00AA68CF /* databaseFactory.swift in Sources */ = {isa = PBXBuildFile; fileRef = 6EA83A9920421CAF00AA68CF /* databaseFactory.swift */; };
		6EA83A9C2042231F00AA68CF /* TypeEventController.swift in Sources */ = {isa = PBXBuildFile; fileRef = 6EA83A9B2042231F00AA68CF /* TypeEventController.swift */; };
		F31CEE27205557560036080F /* TypeActivityController.swift in Sources */ = {isa = PBXBuildFile; fileRef = F31CEE26205557560036080F /* TypeActivityController.swift */; };
		F31CEE2C20557FDF0036080F /* TypeActivityExtension.swift in Sources */ = {isa = PBXBuildFile; fileRef = F31CEE2B20557FDF0036080F /* TypeActivityExtension.swift */; };
		F31CEE3220560A590036080F /* TypeActivityTableViewCell.swift in Sources */ = {isa = PBXBuildFile; fileRef = F31CEE3120560A590036080F /* TypeActivityTableViewCell.swift */; };
		F3811040205374580090F942 /* ActivityController.swift in Sources */ = {isa = PBXBuildFile; fileRef = F381103F205374580090F942 /* ActivityController.swift */; };
		F3DC525F2056190800579395 /* PopupTypeActivityPlanificationViewController.swift in Sources */ = {isa = PBXBuildFile; fileRef = F3DC525E2056190800579395 /* PopupTypeActivityPlanificationViewController.swift */; };
/* End PBXBuildFile section */

/* Begin PBXContainerItemProxy section */
		6E5BA1AF2032DD6500703328 /* PBXContainerItemProxy */ = {
			isa = PBXContainerItemProxy;
			containerPortal = 6E5BA18F2032DD6500703328 /* Project object */;
			proxyType = 1;
			remoteGlobalIDString = 6E5BA1962032DD6500703328;
			remoteInfo = pketmoi;
		};
/* End PBXContainerItemProxy section */

/* Begin PBXFileReference section */
		6E0F6E4A204311D4005D4744 /* TypeEventExtension.swift */ = {isa = PBXFileReference; lastKnownFileType = sourcecode.swift; path = TypeEventExtension.swift; sourceTree = "<group>"; };
		6E0F6E5220448906005D4744 /* TypeEventTableViewController.swift */ = {isa = PBXFileReference; lastKnownFileType = sourcecode.swift; path = TypeEventTableViewController.swift; sourceTree = "<group>"; };
		6E21DF622056DD2E00EE2F9B /* DoctorTableViewCell.swift */ = {isa = PBXFileReference; lastKnownFileType = sourcecode.swift; path = DoctorTableViewCell.swift; sourceTree = "<group>"; };
		6E21DF642056DE0400EE2F9B /* PersonExtension.swift */ = {isa = PBXFileReference; lastKnownFileType = sourcecode.swift; path = PersonExtension.swift; sourceTree = "<group>"; };
		6E21DF662056E31200EE2F9B /* DoctorPresenter.swift */ = {isa = PBXFileReference; lastKnownFileType = sourcecode.swift; path = DoctorPresenter.swift; sourceTree = "<group>"; };
		6E287CA22046A9CE0007EFC2 /* TypeEventPresenter.swift */ = {isa = PBXFileReference; lastKnownFileType = sourcecode.swift; path = TypeEventPresenter.swift; sourceTree = "<group>"; };
		6E389037203DDDB900105CE8 /* EventController.swift */ = {isa = PBXFileReference; lastKnownFileType = sourcecode.swift; path = EventController.swift; sourceTree = "<group>"; };
		6E389039203DE61D00105CE8 /* EventTableViewController.swift */ = {isa = PBXFileReference; lastKnownFileType = sourcecode.swift; path = EventTableViewController.swift; sourceTree = "<group>"; };
		6E38903B203DF0D800105CE8 /* PkTabBarController.swift */ = {isa = PBXFileReference; lastKnownFileType = sourcecode.swift; path = PkTabBarController.swift; sourceTree = "<group>"; };
		6E3890442041CA6900105CE8 /* TypeEventPickerViewController.swift */ = {isa = PBXFileReference; lastKnownFileType = sourcecode.swift; path = TypeEventPickerViewController.swift; sourceTree = "<group>"; };
		6E3893D8204B01800052DCD6 /* CoreDataManager.swift */ = {isa = PBXFileReference; lastKnownFileType = sourcecode.swift; path = CoreDataManager.swift; sourceTree = "<group>"; };
		6E3893DA204B02A80052DCD6 /* TriggerEventViewController.swift */ = {isa = PBXFileReference; fileEncoding = 4; lastKnownFileType = sourcecode.swift; path = TriggerEventViewController.swift; sourceTree = "<group>"; };
		6E3893DC204D55820052DCD6 /* EventTableViewCell.swift */ = {isa = PBXFileReference; lastKnownFileType = sourcecode.swift; path = EventTableViewCell.swift; sourceTree = "<group>"; };
		6E3893DE204D55820052DCD6 /* EventTableView.swift */ = {isa = PBXFileReference; lastKnownFileType = sourcecode.swift; path = EventTableView.swift; sourceTree = "<group>"; };
		6E3893E0204D55820052DCD6 /* EventPresenter.swift */ = {isa = PBXFileReference; lastKnownFileType = sourcecode.swift; path = EventPresenter.swift; sourceTree = "<group>"; };
		6E455C3120534770009343C1 /* ShowEventViewController.swift */ = {isa = PBXFileReference; lastKnownFileType = sourcecode.swift; path = ShowEventViewController.swift; sourceTree = "<group>"; };
		6E4A63A62056D3F900BB436C /* DoctorViewController.swift */ = {isa = PBXFileReference; lastKnownFileType = sourcecode.swift; path = DoctorViewController.swift; sourceTree = "<group>"; };
		6E5BA1972032DD6500703328 /* pketmoi.app */ = {isa = PBXFileReference; explicitFileType = wrapper.application; includeInIndex = 0; path = pketmoi.app; sourceTree = BUILT_PRODUCTS_DIR; };
		6E5BA19A2032DD6500703328 /* AppDelegate.swift */ = {isa = PBXFileReference; lastKnownFileType = sourcecode.swift; path = AppDelegate.swift; sourceTree = "<group>"; };
		6E5BA19C2032DD6500703328 /* ViewController.swift */ = {isa = PBXFileReference; lastKnownFileType = sourcecode.swift; path = ViewController.swift; sourceTree = "<group>"; };
		6E5BA19F2032DD6500703328 /* Base */ = {isa = PBXFileReference; lastKnownFileType = file.storyboard; name = Base; path = Base.lproj/Main.storyboard; sourceTree = "<group>"; };
		6E5BA1A22032DD6500703328 /* pketmoi.xcdatamodel */ = {isa = PBXFileReference; lastKnownFileType = wrapper.xcdatamodel; path = pketmoi.xcdatamodel; sourceTree = "<group>"; };
		6E5BA1A42032DD6500703328 /* Assets.xcassets */ = {isa = PBXFileReference; lastKnownFileType = folder.assetcatalog; path = Assets.xcassets; sourceTree = "<group>"; };
		6E5BA1A72032DD6500703328 /* Base */ = {isa = PBXFileReference; lastKnownFileType = file.storyboard; name = Base; path = Base.lproj/LaunchScreen.storyboard; sourceTree = "<group>"; };
		6E5BA1A92032DD6500703328 /* Info.plist */ = {isa = PBXFileReference; lastKnownFileType = text.plist.xml; path = Info.plist; sourceTree = "<group>"; };
		6E5BA1AE2032DD6500703328 /* pketmoiTests.xctest */ = {isa = PBXFileReference; explicitFileType = wrapper.cfbundle; includeInIndex = 0; path = pketmoiTests.xctest; sourceTree = BUILT_PRODUCTS_DIR; };
		6E5BA1B22032DD6500703328 /* pketmoiTests.swift */ = {isa = PBXFileReference; lastKnownFileType = sourcecode.swift; path = pketmoiTests.swift; sourceTree = "<group>"; };
		6E5BA1B42032DD6500703328 /* Info.plist */ = {isa = PBXFileReference; lastKnownFileType = text.plist.xml; path = Info.plist; sourceTree = "<group>"; };
		6E8B9186203DCA6E00B11989 /* HomeController.swift */ = {isa = PBXFileReference; lastKnownFileType = sourcecode.swift; path = HomeController.swift; sourceTree = "<group>"; };
		6EA83A9920421CAF00AA68CF /* databaseFactory.swift */ = {isa = PBXFileReference; lastKnownFileType = sourcecode.swift; path = databaseFactory.swift; sourceTree = "<group>"; };
		6EA83A9B2042231F00AA68CF /* TypeEventController.swift */ = {isa = PBXFileReference; lastKnownFileType = sourcecode.swift; path = TypeEventController.swift; sourceTree = "<group>"; };
		F31CEE26205557560036080F /* TypeActivityController.swift */ = {isa = PBXFileReference; lastKnownFileType = sourcecode.swift; path = TypeActivityController.swift; sourceTree = "<group>"; };
		F31CEE2B20557FDF0036080F /* TypeActivityExtension.swift */ = {isa = PBXFileReference; lastKnownFileType = sourcecode.swift; path = TypeActivityExtension.swift; sourceTree = "<group>"; };
		F31CEE3120560A590036080F /* TypeActivityTableViewCell.swift */ = {isa = PBXFileReference; lastKnownFileType = sourcecode.swift; path = TypeActivityTableViewCell.swift; sourceTree = "<group>"; };
		F381103F205374580090F942 /* ActivityController.swift */ = {isa = PBXFileReference; lastKnownFileType = sourcecode.swift; path = ActivityController.swift; sourceTree = "<group>"; };
		F3DC525E2056190800579395 /* PopupTypeActivityPlanificationViewController.swift */ = {isa = PBXFileReference; lastKnownFileType = sourcecode.swift; path = PopupTypeActivityPlanificationViewController.swift; sourceTree = "<group>"; };
/* End PBXFileReference section */

/* Begin PBXFrameworksBuildPhase section */
		6E5BA1942032DD6500703328 /* Frameworks */ = {
			isa = PBXFrameworksBuildPhase;
			buildActionMask = 2147483647;
			files = (
			);
			runOnlyForDeploymentPostprocessing = 0;
		};
		6E5BA1AB2032DD6500703328 /* Frameworks */ = {
			isa = PBXFrameworksBuildPhase;
			buildActionMask = 2147483647;
			files = (
			);
			runOnlyForDeploymentPostprocessing = 0;
		};
/* End PBXFrameworksBuildPhase section */

/* Begin PBXGroup section */
		6E287CA12046A9B90007EFC2 /* Presenter */ = {
			isa = PBXGroup;
			children = (
				6E287CA22046A9CE0007EFC2 /* TypeEventPresenter.swift */,
				6E3893E0204D55820052DCD6 /* EventPresenter.swift */,
				6E21DF662056E31200EE2F9B /* DoctorPresenter.swift */,
			);
			path = Presenter;
			sourceTree = "<group>";
		};
		6E3893D7204B016D0052DCD6 /* Helper */ = {
			isa = PBXGroup;
			children = (
				6E3893D8204B01800052DCD6 /* CoreDataManager.swift */,
			);
			path = Helper;
			sourceTree = "<group>";
		};
		6E463B032041DE0000F7332F /* Data */ = {
			isa = PBXGroup;
			children = (
				6EA83A9920421CAF00AA68CF /* databaseFactory.swift */,
			);
			path = Data;
			sourceTree = "<group>";
		};
		6E5BA18E2032DD6500703328 = {
			isa = PBXGroup;
			children = (
				6E5BA1992032DD6500703328 /* pketmoi */,
				6E5BA1B12032DD6500703328 /* pketmoiTests */,
				6E5BA1982032DD6500703328 /* Products */,
			);
			sourceTree = "<group>";
		};
		6E5BA1982032DD6500703328 /* Products */ = {
			isa = PBXGroup;
			children = (
				6E5BA1972032DD6500703328 /* pketmoi.app */,
				6E5BA1AE2032DD6500703328 /* pketmoiTests.xctest */,
			);
			name = Products;
			sourceTree = "<group>";
		};
		6E5BA1992032DD6500703328 /* pketmoi */ = {
			isa = PBXGroup;
			children = (
				6E3893D7204B016D0052DCD6 /* Helper */,
				6E287CA12046A9B90007EFC2 /* Presenter */,
				6E463B032041DE0000F7332F /* Data */,
				6E5BA1C1203C7D2300703328 /* Views */,
				6E5BA1C0203C7D0400703328 /* Controllers */,
				6E5BA1BF203C7CE300703328 /* Models */,
				6E5BA19A2032DD6500703328 /* AppDelegate.swift */,
				6E5BA19C2032DD6500703328 /* ViewController.swift */,
				6E5BA19E2032DD6500703328 /* Main.storyboard */,
				6E5BA1A42032DD6500703328 /* Assets.xcassets */,
				6E5BA1A62032DD6500703328 /* LaunchScreen.storyboard */,
				6E5BA1A92032DD6500703328 /* Info.plist */,
				6E5BA1A12032DD6500703328 /* pketmoi.xcdatamodeld */,
			);
			path = pketmoi;
			sourceTree = "<group>";
		};
		6E5BA1B12032DD6500703328 /* pketmoiTests */ = {
			isa = PBXGroup;
			children = (
				6E5BA1B22032DD6500703328 /* pketmoiTests.swift */,
				6E5BA1B42032DD6500703328 /* Info.plist */,
			);
			path = pketmoiTests;
			sourceTree = "<group>";
		};
		6E5BA1BF203C7CE300703328 /* Models */ = {
			isa = PBXGroup;
			children = (
				F31CEE2B20557FDF0036080F /* TypeActivityExtension.swift */,
				6E0F6E4A204311D4005D4744 /* TypeEventExtension.swift */,
				6E21DF642056DE0400EE2F9B /* PersonExtension.swift */,
			);
			path = Models;
			sourceTree = "<group>";
		};
		6E5BA1C0203C7D0400703328 /* Controllers */ = {
			isa = PBXGroup;
			children = (
				F3DC525E2056190800579395 /* PopupTypeActivityPlanificationViewController.swift */,
				6E8B9186203DCA6E00B11989 /* HomeController.swift */,
				6E389037203DDDB900105CE8 /* EventController.swift */,
				6E389039203DE61D00105CE8 /* EventTableViewController.swift */,
				6E38903B203DF0D800105CE8 /* PkTabBarController.swift */,
				6E3890442041CA6900105CE8 /* TypeEventPickerViewController.swift */,
				6E0F6E5220448906005D4744 /* TypeEventTableViewController.swift */,
				6EA83A9B2042231F00AA68CF /* TypeEventController.swift */,
				6E3893DA204B02A80052DCD6 /* TriggerEventViewController.swift */,
				6E3893DE204D55820052DCD6 /* EventTableView.swift */,
				6E455C3120534770009343C1 /* ShowEventViewController.swift */,
				F381103F205374580090F942 /* ActivityController.swift */,
				F31CEE26205557560036080F /* TypeActivityController.swift */,
				6E4A63A62056D3F900BB436C /* DoctorViewController.swift */,
			);
			path = Controllers;
			sourceTree = "<group>";
		};
		6E5BA1C1203C7D2300703328 /* Views */ = {
			isa = PBXGroup;
			children = (
				6E3893DC204D55820052DCD6 /* EventTableViewCell.swift */,
				F31CEE3120560A590036080F /* TypeActivityTableViewCell.swift */,
				6E21DF622056DD2E00EE2F9B /* DoctorTableViewCell.swift */,
			);
			path = Views;
			sourceTree = "<group>";
		};
/* End PBXGroup section */

/* Begin PBXNativeTarget section */
		6E5BA1962032DD6500703328 /* pketmoi */ = {
			isa = PBXNativeTarget;
			buildConfigurationList = 6E5BA1B72032DD6500703328 /* Build configuration list for PBXNativeTarget "pketmoi" */;
			buildPhases = (
				6E5BA1932032DD6500703328 /* Sources */,
				6E5BA1942032DD6500703328 /* Frameworks */,
				6E5BA1952032DD6500703328 /* Resources */,
			);
			buildRules = (
			);
			dependencies = (
			);
			name = pketmoi;
			productName = pketmoi;
			productReference = 6E5BA1972032DD6500703328 /* pketmoi.app */;
			productType = "com.apple.product-type.application";
		};
		6E5BA1AD2032DD6500703328 /* pketmoiTests */ = {
			isa = PBXNativeTarget;
			buildConfigurationList = 6E5BA1BA2032DD6500703328 /* Build configuration list for PBXNativeTarget "pketmoiTests" */;
			buildPhases = (
				6E5BA1AA2032DD6500703328 /* Sources */,
				6E5BA1AB2032DD6500703328 /* Frameworks */,
				6E5BA1AC2032DD6500703328 /* Resources */,
			);
			buildRules = (
			);
			dependencies = (
				6E5BA1B02032DD6500703328 /* PBXTargetDependency */,
			);
			name = pketmoiTests;
			productName = pketmoiTests;
			productReference = 6E5BA1AE2032DD6500703328 /* pketmoiTests.xctest */;
			productType = "com.apple.product-type.bundle.unit-test";
		};
/* End PBXNativeTarget section */

/* Begin PBXProject section */
		6E5BA18F2032DD6500703328 /* Project object */ = {
			isa = PBXProject;
			attributes = {
				LastSwiftUpdateCheck = 0920;
				LastUpgradeCheck = 0920;
				ORGANIZATIONNAME = "Hugo Maitre";
				TargetAttributes = {
					6E5BA1962032DD6500703328 = {
						CreatedOnToolsVersion = 9.2;
						LastSwiftMigration = 0920;
						ProvisioningStyle = Automatic;
					};
					6E5BA1AD2032DD6500703328 = {
						CreatedOnToolsVersion = 9.2;
						ProvisioningStyle = Automatic;
						TestTargetID = 6E5BA1962032DD6500703328;
					};
				};
			};
			buildConfigurationList = 6E5BA1922032DD6500703328 /* Build configuration list for PBXProject "pketmoi" */;
			compatibilityVersion = "Xcode 8.0";
			developmentRegion = en;
			hasScannedForEncodings = 0;
			knownRegions = (
				en,
				Base,
			);
			mainGroup = 6E5BA18E2032DD6500703328;
			productRefGroup = 6E5BA1982032DD6500703328 /* Products */;
			projectDirPath = "";
			projectRoot = "";
			targets = (
				6E5BA1962032DD6500703328 /* pketmoi */,
				6E5BA1AD2032DD6500703328 /* pketmoiTests */,
			);
		};
/* End PBXProject section */

/* Begin PBXResourcesBuildPhase section */
		6E5BA1952032DD6500703328 /* Resources */ = {
			isa = PBXResourcesBuildPhase;
			buildActionMask = 2147483647;
			files = (
				6E5BA1A82032DD6500703328 /* LaunchScreen.storyboard in Resources */,
				6E5BA1A52032DD6500703328 /* Assets.xcassets in Resources */,
				6E5BA1A02032DD6500703328 /* Main.storyboard in Resources */,
			);
			runOnlyForDeploymentPostprocessing = 0;
		};
		6E5BA1AC2032DD6500703328 /* Resources */ = {
			isa = PBXResourcesBuildPhase;
			buildActionMask = 2147483647;
			files = (
			);
			runOnlyForDeploymentPostprocessing = 0;
		};
/* End PBXResourcesBuildPhase section */

/* Begin PBXSourcesBuildPhase section */
		6E5BA1932032DD6500703328 /* Sources */ = {
			isa = PBXSourcesBuildPhase;
			buildActionMask = 2147483647;
			files = (
				6E5BA19D2032DD6500703328 /* ViewController.swift in Sources */,
				6E38903A203DE61D00105CE8 /* EventTableViewController.swift in Sources */,
				6E3893D9204B01800052DCD6 /* CoreDataManager.swift in Sources */,
				6E21DF672056E31200EE2F9B /* DoctorPresenter.swift in Sources */,
				F3DC525F2056190800579395 /* PopupTypeActivityPlanificationViewController.swift in Sources */,
				6E3893DF204D55820052DCD6 /* EventTableView.swift in Sources */,
				6E3890452041CA6900105CE8 /* TypeEventPickerViewController.swift in Sources */,
				6E21DF652056DE0400EE2F9B /* PersonExtension.swift in Sources */,
				6E455C3220534770009343C1 /* ShowEventViewController.swift in Sources */,
				F3811040205374580090F942 /* ActivityController.swift in Sources */,
				6E0F6E4B204311D4005D4744 /* TypeEventExtension.swift in Sources */,
				6E8B9187203DCA6E00B11989 /* HomeController.swift in Sources */,
				6E3893E1204D55820052DCD6 /* EventPresenter.swift in Sources */,
				6E38903C203DF0D800105CE8 /* PkTabBarController.swift in Sources */,
				6EA83A9A20421CAF00AA68CF /* databaseFactory.swift in Sources */,
				F31CEE27205557560036080F /* TypeActivityController.swift in Sources */,
				6E5BA19B2032DD6500703328 /* AppDelegate.swift in Sources */,
				6E287CA32046A9CE0007EFC2 /* TypeEventPresenter.swift in Sources */,
				6E3893DD204D55820052DCD6 /* EventTableViewCell.swift in Sources */,
				F31CEE2C20557FDF0036080F /* TypeActivityExtension.swift in Sources */,
				6E5BA1A32032DD6500703328 /* pketmoi.xcdatamodeld in Sources */,
				6E389038203DDDB900105CE8 /* EventController.swift in Sources */,
				F31CEE3220560A590036080F /* TypeActivityTableViewCell.swift in Sources */,
				6EA83A9C2042231F00AA68CF /* TypeEventController.swift in Sources */,
				6E4A63A72056D3F900BB436C /* DoctorViewController.swift in Sources */,
				6E3893DB204B02A90052DCD6 /* TriggerEventViewController.swift in Sources */,
				6E21DF632056DD2E00EE2F9B /* DoctorTableViewCell.swift in Sources */,
				6E0F6E5320448906005D4744 /* TypeEventTableViewController.swift in Sources */,
			);
			runOnlyForDeploymentPostprocessing = 0;
		};
		6E5BA1AA2032DD6500703328 /* Sources */ = {
			isa = PBXSourcesBuildPhase;
			buildActionMask = 2147483647;
			files = (
				6E38903D203DF0D800105CE8 /* PkTabBarController.swift in Sources */,
				6E5BA1B32032DD6500703328 /* pketmoiTests.swift in Sources */,
			);
			runOnlyForDeploymentPostprocessing = 0;
		};
/* End PBXSourcesBuildPhase section */

/* Begin PBXTargetDependency section */
		6E5BA1B02032DD6500703328 /* PBXTargetDependency */ = {
			isa = PBXTargetDependency;
			target = 6E5BA1962032DD6500703328 /* pketmoi */;
			targetProxy = 6E5BA1AF2032DD6500703328 /* PBXContainerItemProxy */;
		};
/* End PBXTargetDependency section */

/* Begin PBXVariantGroup section */
		6E5BA19E2032DD6500703328 /* Main.storyboard */ = {
			isa = PBXVariantGroup;
			children = (
				6E5BA19F2032DD6500703328 /* Base */,
			);
			name = Main.storyboard;
			sourceTree = "<group>";
		};
		6E5BA1A62032DD6500703328 /* LaunchScreen.storyboard */ = {
			isa = PBXVariantGroup;
			children = (
				6E5BA1A72032DD6500703328 /* Base */,
			);
			name = LaunchScreen.storyboard;
			sourceTree = "<group>";
		};
/* End PBXVariantGroup section */

/* Begin XCBuildConfiguration section */
		6E5BA1B52032DD6500703328 /* Debug */ = {
			isa = XCBuildConfiguration;
			buildSettings = {
				ALWAYS_SEARCH_USER_PATHS = NO;
				CLANG_ANALYZER_NONNULL = YES;
				CLANG_ANALYZER_NUMBER_OBJECT_CONVERSION = YES_AGGRESSIVE;
				CLANG_CXX_LANGUAGE_STANDARD = "gnu++14";
				CLANG_CXX_LIBRARY = "libc++";
				CLANG_ENABLE_MODULES = YES;
				CLANG_ENABLE_OBJC_ARC = YES;
				CLANG_WARN_BLOCK_CAPTURE_AUTORELEASING = YES;
				CLANG_WARN_BOOL_CONVERSION = YES;
				CLANG_WARN_COMMA = YES;
				CLANG_WARN_CONSTANT_CONVERSION = YES;
				CLANG_WARN_DIRECT_OBJC_ISA_USAGE = YES_ERROR;
				CLANG_WARN_DOCUMENTATION_COMMENTS = YES;
				CLANG_WARN_EMPTY_BODY = YES;
				CLANG_WARN_ENUM_CONVERSION = YES;
				CLANG_WARN_INFINITE_RECURSION = YES;
				CLANG_WARN_INT_CONVERSION = YES;
				CLANG_WARN_NON_LITERAL_NULL_CONVERSION = YES;
				CLANG_WARN_OBJC_LITERAL_CONVERSION = YES;
				CLANG_WARN_OBJC_ROOT_CLASS = YES_ERROR;
				CLANG_WARN_RANGE_LOOP_ANALYSIS = YES;
				CLANG_WARN_STRICT_PROTOTYPES = YES;
				CLANG_WARN_SUSPICIOUS_MOVE = YES;
				CLANG_WARN_UNGUARDED_AVAILABILITY = YES_AGGRESSIVE;
				CLANG_WARN_UNREACHABLE_CODE = YES;
				CLANG_WARN__DUPLICATE_METHOD_MATCH = YES;
				CODE_SIGN_IDENTITY = "iPhone Developer";
				COPY_PHASE_STRIP = NO;
				DEBUG_INFORMATION_FORMAT = dwarf;
				ENABLE_STRICT_OBJC_MSGSEND = YES;
				ENABLE_TESTABILITY = YES;
				GCC_C_LANGUAGE_STANDARD = gnu11;
				GCC_DYNAMIC_NO_PIC = NO;
				GCC_NO_COMMON_BLOCKS = YES;
				GCC_OPTIMIZATION_LEVEL = 0;
				GCC_PREPROCESSOR_DEFINITIONS = (
					"DEBUG=1",
					"$(inherited)",
				);
				GCC_WARN_64_TO_32_BIT_CONVERSION = YES;
				GCC_WARN_ABOUT_RETURN_TYPE = YES_ERROR;
				GCC_WARN_UNDECLARED_SELECTOR = YES;
				GCC_WARN_UNINITIALIZED_AUTOS = YES_AGGRESSIVE;
				GCC_WARN_UNUSED_FUNCTION = YES;
				GCC_WARN_UNUSED_VARIABLE = YES;
				IPHONEOS_DEPLOYMENT_TARGET = 11.2;
				MTL_ENABLE_DEBUG_INFO = YES;
				ONLY_ACTIVE_ARCH = YES;
				SDKROOT = iphoneos;
				SWIFT_ACTIVE_COMPILATION_CONDITIONS = DEBUG;
				SWIFT_OPTIMIZATION_LEVEL = "-Onone";
			};
			name = Debug;
		};
		6E5BA1B62032DD6500703328 /* Release */ = {
			isa = XCBuildConfiguration;
			buildSettings = {
				ALWAYS_SEARCH_USER_PATHS = NO;
				CLANG_ANALYZER_NONNULL = YES;
				CLANG_ANALYZER_NUMBER_OBJECT_CONVERSION = YES_AGGRESSIVE;
				CLANG_CXX_LANGUAGE_STANDARD = "gnu++14";
				CLANG_CXX_LIBRARY = "libc++";
				CLANG_ENABLE_MODULES = YES;
				CLANG_ENABLE_OBJC_ARC = YES;
				CLANG_WARN_BLOCK_CAPTURE_AUTORELEASING = YES;
				CLANG_WARN_BOOL_CONVERSION = YES;
				CLANG_WARN_COMMA = YES;
				CLANG_WARN_CONSTANT_CONVERSION = YES;
				CLANG_WARN_DIRECT_OBJC_ISA_USAGE = YES_ERROR;
				CLANG_WARN_DOCUMENTATION_COMMENTS = YES;
				CLANG_WARN_EMPTY_BODY = YES;
				CLANG_WARN_ENUM_CONVERSION = YES;
				CLANG_WARN_INFINITE_RECURSION = YES;
				CLANG_WARN_INT_CONVERSION = YES;
				CLANG_WARN_NON_LITERAL_NULL_CONVERSION = YES;
				CLANG_WARN_OBJC_LITERAL_CONVERSION = YES;
				CLANG_WARN_OBJC_ROOT_CLASS = YES_ERROR;
				CLANG_WARN_RANGE_LOOP_ANALYSIS = YES;
				CLANG_WARN_STRICT_PROTOTYPES = YES;
				CLANG_WARN_SUSPICIOUS_MOVE = YES;
				CLANG_WARN_UNGUARDED_AVAILABILITY = YES_AGGRESSIVE;
				CLANG_WARN_UNREACHABLE_CODE = YES;
				CLANG_WARN__DUPLICATE_METHOD_MATCH = YES;
				CODE_SIGN_IDENTITY = "iPhone Developer";
				COPY_PHASE_STRIP = NO;
				DEBUG_INFORMATION_FORMAT = "dwarf-with-dsym";
				ENABLE_NS_ASSERTIONS = NO;
				ENABLE_STRICT_OBJC_MSGSEND = YES;
				GCC_C_LANGUAGE_STANDARD = gnu11;
				GCC_NO_COMMON_BLOCKS = YES;
				GCC_WARN_64_TO_32_BIT_CONVERSION = YES;
				GCC_WARN_ABOUT_RETURN_TYPE = YES_ERROR;
				GCC_WARN_UNDECLARED_SELECTOR = YES;
				GCC_WARN_UNINITIALIZED_AUTOS = YES_AGGRESSIVE;
				GCC_WARN_UNUSED_FUNCTION = YES;
				GCC_WARN_UNUSED_VARIABLE = YES;
				IPHONEOS_DEPLOYMENT_TARGET = 11.2;
				MTL_ENABLE_DEBUG_INFO = NO;
				SDKROOT = iphoneos;
				SWIFT_OPTIMIZATION_LEVEL = "-Owholemodule";
				VALIDATE_PRODUCT = YES;
			};
			name = Release;
		};
		6E5BA1B82032DD6500703328 /* Debug */ = {
			isa = XCBuildConfiguration;
			buildSettings = {
				ASSETCATALOG_COMPILER_APPICON_NAME = AppIcon;
				CLANG_ENABLE_MODULES = YES;
				CODE_SIGN_STYLE = Automatic;
				INFOPLIST_FILE = pketmoi/Info.plist;
				LD_RUNPATH_SEARCH_PATHS = "$(inherited) @executable_path/Frameworks";
				PRODUCT_BUNDLE_IDENTIFIER = hugoloris.pketmoi;
				PRODUCT_NAME = "$(TARGET_NAME)";
				SWIFT_OPTIMIZATION_LEVEL = "-Onone";
				SWIFT_VERSION = 4.0;
				TARGETED_DEVICE_FAMILY = "1,2";
			};
			name = Debug;
		};
		6E5BA1B92032DD6500703328 /* Release */ = {
			isa = XCBuildConfiguration;
			buildSettings = {
				ASSETCATALOG_COMPILER_APPICON_NAME = AppIcon;
				CLANG_ENABLE_MODULES = YES;
				CODE_SIGN_STYLE = Automatic;
				INFOPLIST_FILE = pketmoi/Info.plist;
				LD_RUNPATH_SEARCH_PATHS = "$(inherited) @executable_path/Frameworks";
				PRODUCT_BUNDLE_IDENTIFIER = hugoloris.pketmoi;
				PRODUCT_NAME = "$(TARGET_NAME)";
				SWIFT_VERSION = 4.0;
				TARGETED_DEVICE_FAMILY = "1,2";
			};
			name = Release;
		};
		6E5BA1BB2032DD6500703328 /* Debug */ = {
			isa = XCBuildConfiguration;
			buildSettings = {
				ALWAYS_EMBED_SWIFT_STANDARD_LIBRARIES = YES;
				BUNDLE_LOADER = "$(TEST_HOST)";
				CODE_SIGN_STYLE = Automatic;
				INFOPLIST_FILE = pketmoiTests/Info.plist;
				LD_RUNPATH_SEARCH_PATHS = "$(inherited) @executable_path/Frameworks @loader_path/Frameworks";
				PRODUCT_BUNDLE_IDENTIFIER = hugoloris.pketmoiTests;
				PRODUCT_NAME = "$(TARGET_NAME)";
				SWIFT_VERSION = 4.0;
				TARGETED_DEVICE_FAMILY = "1,2";
				TEST_HOST = "$(BUILT_PRODUCTS_DIR)/pketmoi.app/pketmoi";
			};
			name = Debug;
		};
		6E5BA1BC2032DD6500703328 /* Release */ = {
			isa = XCBuildConfiguration;
			buildSettings = {
				ALWAYS_EMBED_SWIFT_STANDARD_LIBRARIES = YES;
				BUNDLE_LOADER = "$(TEST_HOST)";
				CODE_SIGN_STYLE = Automatic;
				INFOPLIST_FILE = pketmoiTests/Info.plist;
				LD_RUNPATH_SEARCH_PATHS = "$(inherited) @executable_path/Frameworks @loader_path/Frameworks";
				PRODUCT_BUNDLE_IDENTIFIER = hugoloris.pketmoiTests;
				PRODUCT_NAME = "$(TARGET_NAME)";
				SWIFT_VERSION = 4.0;
				TARGETED_DEVICE_FAMILY = "1,2";
				TEST_HOST = "$(BUILT_PRODUCTS_DIR)/pketmoi.app/pketmoi";
			};
			name = Release;
		};
/* End XCBuildConfiguration section */

/* Begin XCConfigurationList section */
		6E5BA1922032DD6500703328 /* Build configuration list for PBXProject "pketmoi" */ = {
			isa = XCConfigurationList;
			buildConfigurations = (
				6E5BA1B52032DD6500703328 /* Debug */,
				6E5BA1B62032DD6500703328 /* Release */,
			);
			defaultConfigurationIsVisible = 0;
			defaultConfigurationName = Release;
		};
		6E5BA1B72032DD6500703328 /* Build configuration list for PBXNativeTarget "pketmoi" */ = {
			isa = XCConfigurationList;
			buildConfigurations = (
				6E5BA1B82032DD6500703328 /* Debug */,
				6E5BA1B92032DD6500703328 /* Release */,
			);
			defaultConfigurationIsVisible = 0;
			defaultConfigurationName = Release;
		};
		6E5BA1BA2032DD6500703328 /* Build configuration list for PBXNativeTarget "pketmoiTests" */ = {
			isa = XCConfigurationList;
			buildConfigurations = (
				6E5BA1BB2032DD6500703328 /* Debug */,
				6E5BA1BC2032DD6500703328 /* Release */,
			);
			defaultConfigurationIsVisible = 0;
			defaultConfigurationName = Release;
		};
/* End XCConfigurationList section */

/* Begin XCVersionGroup section */
		6E5BA1A12032DD6500703328 /* pketmoi.xcdatamodeld */ = {
			isa = XCVersionGroup;
			children = (
				6E5BA1A22032DD6500703328 /* pketmoi.xcdatamodel */,
			);
			currentVersion = 6E5BA1A22032DD6500703328 /* pketmoi.xcdatamodel */;
			path = pketmoi.xcdatamodeld;
			sourceTree = "<group>";
			versionGroupType = wrapper.xcdatamodel;
		};
/* End XCVersionGroup section */
	};
	rootObject = 6E5BA18F2032DD6500703328 /* Project object */;
}
